
Microsoft Visual Studio Solution File, Format Version 12.00
# Visual Studio 15
VisualStudioVersion = 15.0.27130.2027
MinimumVisualStudioVersion = 10.0.40219.1
Project("{FAE04EC0-301F-11D3-BF4B-00C04F79EFBC}") = "ConsoleApp1", "ConsoleApp1\ConsoleApp1.csproj", "{AC5ED161-1F45-4C0E-A8CD-8585AF83ED68}"
EndProject
Global
	GlobalSection(SolutionConfigurationPlatforms) = preSolution
		Debug|Any CPU = Debug|Any CPU
		Release|Any CPU = Release|Any CPU
	EndGlobalSection
	GlobalSection(ProjectConfigurationPlatforms) = postSolution
		{AC5ED161-1F45-4C0E-A8CD-8585AF83ED68}.Debug|Any CPU.ActiveCfg = Debug|Any CPU
		{AC5ED161-1F45-4C0E-A8CD-8585AF83ED68}.Debug|Any CPU.Build.0 = Debug|Any CPU
		{AC5ED161-1F45-4C0E-A8CD-8585AF83ED68}.Release|Any CPU.ActiveCfg = Release|Any CPU
		{AC5ED161-1F45-4C0E-A8CD-8585AF83ED68}.Release|Any CPU.Build.0 = Release|Any CPU
	EndGlobalSection
	GlobalSection(SolutionProperties) = preSolution
		HideSolutionNode = FALSE
	EndGlobalSection
	GlobalSection(ExtensibilityGlobals) = postSolution
		SolutionGuid = {5AFE93F6-45F2-4CFE-8CD7-D8FF04DAAAB9}
	EndGlobalSection
EndGlobal
